Microsoft Visual Studio Solution File, Format Version 12.00
# Visual Studio Version 17
VisualStudioVersion = 17.5.2.0
MinimumVisualStudioVersion = 10.0.40219.1
Project("{FAE04EC0-301F-11D3-BF4B-00C04F79EFBC}") = "QuantityMeasurementApp", "QuantityMeasurementApp.csproj", "{7974F22C-0322-9893-0B58-EF67E60E7AC1}"
EndProject
Global
	GlobalSection(SolutionConfigurationPlatforms) = preSolution
		Debug|Any CPU = Debug|Any CPU
		Release|Any CPU = Release|Any CPU
	EndGlobalSection
	GlobalSection(ProjectConfigurationPlatforms) = postSolution
		{7974F22C-0322-9893-0B58-EF67E60E7AC1}.Debug|Any CPU.ActiveCfg = Debug|Any CPU
		{7974F22C-0322-9893-0B58-EF67E60E7AC1}.Debug|Any CPU.Build.0 = Debug|Any CPU
		{7974F22C-0322-9893-0B58-EF67E60E7AC1}.Release|Any CPU.ActiveCfg = Release|Any CPU
		{7974F22C-0322-9893-0B58-EF67E60E7AC1}.Release|Any CPU.Build.0 = Release|Any CPU
	EndGlobalSection
	GlobalSection(SolutionProperties) = preSolution
		HideSolutionNode = FALSE
	EndGlobalSection
	GlobalSection(ExtensibilityGlobals) = postSolution
		SolutionGuid = {4D162EEE-C97C-4EA1-B970-06DFE0DA8201}
	EndGlobalSection
EndGlobal
